
Microsoft Visual Studio Solution File, Format Version 12.00
# Visual Studio Version 16
VisualStudioVersion = 16.0.30523.141
MinimumVisualStudioVersion = 10.0.40219.1
Project("{8BC9CEB8-8B4A-11D0-8D11-00A0C91BC942}") = "HW 4 - 2", "HW 4 - 2.vcxproj", "{679ABCAE-4BEB-40DD-AD8C-D763D978ABFC}"
EndProject
Global
	GlobalSection(SolutionConfigurationPlatforms) = preSolution
		Debug|x64 = Debug|x64
		Debug|x86 = Debug|x86
		Release|x64 = Release|x64
		Release|x86 = Release|x86
	EndGlobalSection
	GlobalSection(ProjectConfigurationPlatforms) = postSolution
		{679ABCAE-4BEB-40DD-AD8C-D763D978ABFC}.Debug|x64.ActiveCfg = Debug|x64
		{679ABCAE-4BEB-40DD-AD8C-D763D978ABFC}.Debug|x64.Build.0 = Debug|x64
		{679ABCAE-4BEB-40DD-AD8C-D763D978ABFC}.Debug|x86.ActiveCfg = Debug|Win32
		{679ABCAE-4BEB-40DD-AD8C-D763D978ABFC}.Debug|x86.Build.0 = Debug|Win32
		{679ABCAE-4BEB-40DD-AD8C-D763D978ABFC}.Release|x64.ActiveCfg = Release|x64
		{679ABCAE-4BEB-40DD-AD8C-D763D978ABFC}.Release|x64.Build.0 = Release|x64
		{679ABCAE-4BEB-40DD-AD8C-D763D978ABFC}.Release|x86.ActiveCfg = Release|Win32
		{679ABCAE-4BEB-40DD-AD8C-D763D978ABFC}.Release|x86.Build.0 = Release|Win32
	EndGlobalSection
	GlobalSection(SolutionProperties) = preSolution
		HideSolutionNode = FALSE
	EndGlobalSection
	GlobalSection(ExtensibilityGlobals) = postSolution
		SolutionGuid = {C6159903-2670-4CDC-BC35-9B8D7ADD355B}
	EndGlobalSection
EndGlobal
